// !$*UTF8*$!
{
	archiveVersion = 1;
	classes = {
	};
	objectVersion = 48;
	objects = {

/* Begin PBXBuildFile section */
		023108611EF4C0D600091E95 /* AppDelegate.swift in Sources */ = {isa = PBXBuildFile; fileRef = 023108601EF4C0D600091E95 /* AppDelegate.swift */; };
		023108631EF4C0D600091E95 /* ViewController.swift in Sources */ = {isa = PBXBuildFile; fileRef = 023108621EF4C0D600091E95 /* ViewController.swift */; };
		023108661EF4C0D600091E95 /* Main.storyboard in Resources */ = {isa = PBXBuildFile; fileRef = 023108641EF4C0D600091E95 /* Main.storyboard */; };
		023108681EF4C0D600091E95 /* Assets.xcassets in Resources */ = {isa = PBXBuildFile; fileRef = 023108671EF4C0D600091E95 /* Assets.xcassets */; };
		0231086B1EF4C0D600091E95 /* LaunchScreen.storyboard in Resources */ = {isa = PBXBuildFile; fileRef = 023108691EF4C0D600091E95 /* LaunchScreen.storyboard */; };
/* End PBXBuildFile section */

/* Begin PBXFileReference section */
		0231085D1EF4C0D600091E95 /* TagReader.app */ = {isa = PBXFileReference; explicitFileType = wrapper.application; includeInIndex = 0; path = TagReader.app; sourceTree = BUILT_PRODUCTS_DIR; };
		023108601EF4C0D600091E95 /* AppDelegate.swift */ = {isa = PBXFileReference; lastKnownFileType = sourcecode.swift; path = AppDelegate.swift; sourceTree = "<group>"; };
		023108621EF4C0D600091E95 /* ViewController.swift */ = {isa = PBXFileReference; lastKnownFileType = sourcecode.swift; path = ViewController.swift; sourceTree = "<group>"; };
		023108651EF4C0D600091E95 /* Base */ = {isa = PBXFileReference; lastKnownFileType = file.storyboard; name = Base; path = Base.lproj/Main.storyboard; sourceTree = "<group>"; };
		023108671EF4C0D600091E95 /* Assets.xcassets */ = {isa = PBXFileReference; lastKnownFileType = folder.assetcatalog; path = Assets.xcassets; sourceTree = "<group>"; };
		0231086A1EF4C0D600091E95 /* Base */ = {isa = PBXFileReference; lastKnownFileType = file.storyboard; name = Base; path = Base.lproj/LaunchScreen.storyboard; sourceTree = "<group>"; };
		0231086C1EF4C0D600091E95 /* Info.plist */ = {isa = PBXFileReference; lastKnownFileType = text.plist.xml; path = Info.plist; sourceTree = "<group>"; };
/* End PBXFileReference section */

/* Begin PBXFrameworksBuildPhase section */
		0231085A1EF4C0D600091E95 /* Frameworks */ = {
			isa = PBXFrameworksBuildPhase;
			buildActionMask = 2147483647;
			files = (
			);
			runOnlyForDeploymentPostprocessing = 0;
		};
/* End PBXFrameworksBuildPhase section */

/* Begin PBXGroup section */
		023108541EF4C0D600091E95 = {
			isa = PBXGroup;
			children = (
				0231085F1EF4C0D600091E95 /* TagReader */,
				0231085E1EF4C0D600091E95 /* Products */,
			);
			sourceTree = "<group>";
		};
		0231085E1EF4C0D600091E95 /* Products */ = {
			isa = PBXGroup;
			children = (
				0231085D1EF4C0D600091E95 /* TagReader.app */,
			);
			name = Products;
			sourceTree = "<group>";
		};
		0231085F1EF4C0D600091E95 /* TagReader */ = {
			isa = PBXGroup;
			children = (
				023108601EF4C0D600091E95 /* AppDelegate.swift */,
				023108621EF4C0D600091E95 /* ViewController.swift */,
				023108641EF4C0D600091E95 /* Main.storyboard */,
				023108671EF4C0D600091E95 /* Assets.xcassets */,
				023108691EF4C0D600091E95 /* LaunchScreen.storyboard */,
				0231086C1EF4C0D600091E95 /* Info.plist */,
			);
			path = TagReader;
			sourceTree = "<group>";
		};
/* End PBXGroup section */

/* Begin PBXNativeTarget section */
		0231085C1EF4C0D600091E95 /* TagReader */ = {
			isa = PBXNativeTarget;
			buildConfigurationList = 0231086F1EF4C0D600091E95 /* Build configuration list for PBXNativeTarget "TagReader" */;
			buildPhases = (
				023108591EF4C0D600091E95 /* Sources */,
				0231085A1EF4C0D600091E95 /* Frameworks */,
				0231085B1EF4C0D600091E95 /* Resources */,
			);
			buildRules = (
			);
			dependencies = (
			);
			name = TagReader;
			productName = TagReader;
			productReference = 0231085D1EF4C0D600091E95 /* TagReader.app */;
			productType = "com.apple.product-type.application";
		};
/* End PBXNativeTarget section */

/* Begin PBXProject section */
		023108551EF4C0D600091E95 /* Project object */ = {
			isa = PBXProject;
			attributes = {
				LastSwiftUpdateCheck = 0900;
				LastUpgradeCheck = 0900;
				ORGANIZATIONNAME = "Jameson Quave";
				TargetAttributes = {
					0231085C1EF4C0D600091E95 = {
						CreatedOnToolsVersion = 9.0;
					};
				};
			};
			buildConfigurationList = 023108581EF4C0D600091E95 /* Build configuration list for PBXProject "TagReader" */;
			compatibilityVersion = "Xcode 8.0";
			developmentRegion = en;
			hasScannedForEncodings = 0;
			knownRegions = (
				en,
				Base,
			);
			mainGroup = 023108541EF4C0D600091E95;
			productRefGroup = 0231085E1EF4C0D600091E95 /* Products */;
			projectDirPath = "";
			projectRoot = "";
			targets = (
				0231085C1EF4C0D600091E95 /* TagReader */,
			);
		};
/* End PBXProject section */

/* Begin PBXResourcesBuildPhase section */
		0231085B1EF4C0D600091E95 /* Resources */ = {
			isa = PBXResourcesBuildPhase;
			buildActionMask = 2147483647;
			files = (
				0231086B1EF4C0D600091E95 /* LaunchScreen.storyboard in Resources */,
				023108681EF4C0D600091E95 /* Assets.xcassets in Resources */,
				023108661EF4C0D600091E95 /* Main.storyboard in Resources */,
			);
			runOnlyForDeploymentPostprocessing = 0;
		};
/* End PBXResourcesBuildPhase section */

/* Begin PBXSourcesBuildPhase section */
		023108591EF4C0D600091E95 /* Sources */ = {
			isa = PBXSourcesBuildPhase;
			buildActionMask = 2147483647;
			files = (
				023108631EF4C0D600091E95 /* ViewController.swift in Sources */,
				023108611EF4C0D600091E95 /* AppDelegate.swift in Sources */,
			);
			runOnlyForDeploymentPostprocessing = 0;
		};
/* End PBXSourcesBuildPhase section */

/* Begin PBXVariantGroup section */
		023108641EF4C0D600091E95 /* Main.storyboard */ = {
			isa = PBXVariantGroup;
			children = (
				023108651EF4C0D600091E95 /* Base */,
			);
			name = Main.storyboard;
			sourceTree = "<group>";
		};
		023108691EF4C0D600091E95 /* LaunchScreen.storyboard */ = {
			isa = PBXVariantGroup;
			children = (
				0231086A1EF4C0D600091E95 /* Base */,
			);
			name = LaunchScreen.storyboard;
			sourceTree = "<group>";
		};
/* End PBXVariantGroup section */

/* Begin XCBuildConfiguration section */
		0231086D1EF4C0D600091E95 /* Debug */ = {
			isa = XCBuildConfiguration;
			buildSettings = {
				ALWAYS_SEARCH_USER_PATHS = NO;
				CLANG_ANALYZER_NONNULL = YES;
				CLANG_ANALYZER_NUMBER_OBJECT_CONVERSION = YES_AGGRESSIVE;
				CLANG_CXX_LANGUAGE_STANDARD = "gnu++14";
				CLANG_CXX_LIBRARY = "libc++";
				CLANG_ENABLE_MODULES = YES;
				CLANG_ENABLE_OBJC_ARC = YES;
				CLANG_WARN_BLOCK_CAPTURE_AUTORELEASING = YES;
				CLANG_WARN_BOOL_CONVERSION = YES;
				CLANG_WARN_COMMA = YES;
				CLANG_WARN_CONSTANT_CONVERSION = YES;
				CLANG_WARN_DIRECT_OBJC_ISA_USAGE = YES_ERROR;
				CLANG_WARN_DOCUMENTATION_COMMENTS = YES;
				CLANG_WARN_EMPTY_BODY = YES;
				CLANG_WARN_ENUM_CONVERSION = YES;
				CLANG_WARN_INFINITE_RECURSION = YES;
				CLANG_WARN_INT_CONVERSION = YES;
				CLANG_WARN_OBJC_ROOT_CLASS = YES_ERROR;
				CLANG_WARN_RANGE_LOOP_ANALYSIS = YES;
				CLANG_WARN_STRICT_PROTOTYPES = YES;
				CLANG_WARN_SUSPICIOUS_MOVE = YES;
				CLANG_WARN_UNGUARDED_AVAILABILITY = YES_AGGRESSIVE;
				CLANG_WARN_UNREACHABLE_CODE = YES;
				CLANG_WARN__DUPLICATE_METHOD_MATCH = YES;
				CODE_SIGN_IDENTITY = "iPhone Developer";
				COPY_PHASE_STRIP = NO;
				DEBUG_INFORMATION_FORMAT = dwarf;
				ENABLE_STRICT_OBJC_MSGSEND = YES;
				ENABLE_TESTABILITY = YES;
				GCC_C_LANGUAGE_STANDARD = gnu11;
				GCC_DYNAMIC_NO_PIC = NO;
				GCC_NO_COMMON_BLOCKS = YES;
				GCC_OPTIMIZATION_LEVEL = 0;
				GCC_PREPROCESSOR_DEFINITIONS = (
					"DEBUG=1",
					"$(inherited)",
				);
				GCC_WARN_64_TO_32_BIT_CONVERSION = YES;
				GCC_WARN_ABOUT_RETURN_TYPE = YES_ERROR;
				GCC_WARN_UNDECLARED_SELECTOR = YES;
				GCC_WARN_UNINITIALIZED_AUTOS = YES_AGGRESSIVE;
				GCC_WARN_UNUSED_FUNCTION = YES;
				GCC_WARN_UNUSED_VARIABLE = YES;
				IPHONEOS_DEPLOYMENT_TARGET = 11.0;
				MTL_ENABLE_DEBUG_INFO = YES;
				ONLY_ACTIVE_ARCH = YES;
				SDKROOT = iphoneos;
				SWIFT_ACTIVE_COMPILATION_CONDITIONS = DEBUG;
				SWIFT_OPTIMIZATION_LEVEL = "-Onone";
			};
			name = Debug;
		};
		0231086E1EF4C0D600091E95 /* Release */ = {
			isa = XCBuildConfiguration;
			buildSettings = {
				ALWAYS_SEARCH_USER_PATHS = NO;
				CLANG_ANALYZER_NONNULL = YES;
				CLANG_ANALYZER_NUMBER_OBJECT_CONVERSION = YES_AGGRESSIVE;
				CLANG_CXX_LANGUAGE_STANDARD = "gnu++14";
				CLANG_CXX_LIBRARY = "libc++";
				CLANG_ENABLE_MODULES = YES;
				CLANG_ENABLE_OBJC_ARC = YES;
				CLANG_WARN_BLOCK_CAPTURE_AUTORELEASING = YES;
				CLANG_WARN_BOOL_CONVERSION = YES;
				CLANG_WARN_COMMA = YES;
				CLANG_WARN_CONSTANT_CONVERSION = YES;
				CLANG_WARN_DIRECT_OBJC_ISA_USAGE = YES_ERROR;
				CLANG_WARN_DOCUMENTATION_COMMENTS = YES;
				CLANG_WARN_EMPTY_BODY = YES;
				CLANG_WARN_ENUM_CONVERSION = YES;
				CLANG_WARN_INFINITE_RECURSION = YES;
				CLANG_WARN_INT_CONVERSION = YES;
				CLANG_WARN_OBJC_ROOT_CLASS = YES_ERROR;
				CLANG_WARN_RANGE_LOOP_ANALYSIS = YES;
				CLANG_WARN_STRICT_PROTOTYPES = YES;
				CLANG_WARN_SUSPICIOUS_MOVE = YES;
				CLANG_WARN_UNGUARDED_AVAILABILITY = YES_AGGRESSIVE;
				CLANG_WARN_UNREACHABLE_CODE = YES;
				CLANG_WARN__DUPLICATE_METHOD_MATCH = YES;
				CODE_SIGN_IDENTITY = "iPhone Developer";
				COPY_PHASE_STRIP = NO;
				DEBUG_INFORMATION_FORMAT = "dwarf-with-dsym";
				ENABLE_NS_ASSERTIONS = NO;
				ENABLE_STRICT_OBJC_MSGSEND = YES;
				GCC_C_LANGUAGE_STANDARD = gnu11;
				GCC_NO_COMMON_BLOCKS = YES;
				GCC_WARN_64_TO_32_BIT_CONVERSION = YES;
				GCC_WARN_ABOUT_RETURN_TYPE = YES_ERROR;
				GCC_WARN_UNDECLARED_SELECTOR = YES;
				GCC_WARN_UNINITIALIZED_AUTOS = YES_AGGRESSIVE;
				GCC_WARN_UNUSED_FUNCTION = YES;
				GCC_WARN_UNUSED_VARIABLE = YES;
				IPHONEOS_DEPLOYMENT_TARGET = 11.0;
				MTL_ENABLE_DEBUG_INFO = NO;
				SDKROOT = iphoneos;
				SWIFT_OPTIMIZATION_LEVEL = "-Owholemodule";
				VALIDATE_PRODUCT = YES;
			};
			name = Release;
		};
		023108701EF4C0D600091E95 /* Debug */ = {
			isa = XCBuildConfiguration;
			buildSettings = {
				ASSETCATALOG_COMPILER_APPICON_NAME = AppIcon;
				DEVELOPMENT_TEAM = PV7REM9GXJ;
				INFOPLIST_FILE = TagReader/Info.plist;
				LD_RUNPATH_SEARCH_PATHS = "$(inherited) @executable_path/Frameworks";
				PRODUCT_BUNDLE_IDENTIFIER = com.jqsoftware.TagReader;
				PRODUCT_NAME = "$(TARGET_NAME)";
				SWIFT_VERSION = 4.0;
				TARGETED_DEVICE_FAMILY = "1,2";
			};
			name = Debug;
		};
		023108711EF4C0D600091E95 /* Release */ = {
			isa = XCBuildConfiguration;
			buildSettings = {
				ASSETCATALOG_COMPILER_APPICON_NAME = AppIcon;
				DEVELOPMENT_TEAM = PV7REM9GXJ;
				INFOPLIST_FILE = TagReader/Info.plist;
				LD_RUNPATH_SEARCH_PATHS = "$(inherited) @executable_path/Frameworks";
				PRODUCT_BUNDLE_IDENTIFIER = com.jqsoftware.TagReader;
				PRODUCT_NAME = "$(TARGET_NAME)";
				SWIFT_VERSION = 4.0;
				TARGETED_DEVICE_FAMILY = "1,2";
			};
			name = Release;
		};
/* End XCBuildConfiguration section */

/* Begin XCConfigurationList section */
		023108581EF4C0D600091E95 /* Build configuration list for PBXProject "TagReader" */ = {
			isa = XCConfigurationList;
			buildConfigurations = (
				0231086D1EF4C0D600091E95 /* Debug */,
				0231086E1EF4C0D600091E95 /* Release */,
			);
			defaultConfigurationIsVisible = 0;
			defaultConfigurationName = Release;
		};
		0231086F1EF4C0D600091E95 /* Build configuration list for PBXNativeTarget "TagReader" */ = {
			isa = XCConfigurationList;
			buildConfigurations = (
				023108701EF4C0D600091E95 /* Debug */,
				023108711EF4C0D600091E95 /* Release */,
			);
			defaultConfigurationIsVisible = 0;
		};
/* End XCConfigurationList section */
	};
	rootObject = 023108551EF4C0D600091E95 /* Project object */;
}
